
Microsoft Visual Studio Solution File, Format Version 12.00
# Visual Studio Version 17
VisualStudioVersion = 17.11.35103.136
MinimumVisualStudioVersion = 10.0.40219.1
Project("{9A19103F-16F7-4668-BE54-9A1E7A4F7556}") = "SMDotNetCore.ConsoleApp", "SMDotNetCore.ConsoleApp\SMDotNetCore.ConsoleApp.csproj", "{3EAE7C8C-15B4-4C41-9757-90D8761E0928}"
EndProject
Project("{2150E333-8FDC-42A3-9474-1A3956D46DE8}") = "README.md", "README.md", "{51B5598F-3B3E-42BC-9562-FD39DDB744FE}"
EndProject
Project("{9A19103F-16F7-4668-BE54-9A1E7A4F7556}") = "SMDotNetCore.WebAPI", "SMDotNetCore.WebAPI\SMDotNetCore.WebAPI.csproj", "{D1E94C82-74E1-4699-97D0-58D5E9078EBF}"
EndProject
Project("{FAE04EC0-301F-11D3-BF4B-00C04F79EFBC}") = "SMDotNetCore.shared", "SMDotNetCore.shared\SMDotNetCore.shared.csproj", "{767AA10C-910E-406C-8729-64A82679ABB7}"
EndProject
Global
	GlobalSection(SolutionConfigurationPlatforms) = preSolution
		Debug|Any CPU = Debug|Any CPU
		Release|Any CPU = Release|Any CPU
	EndGlobalSection
	GlobalSection(ProjectConfigurationPlatforms) = postSolution
		{3EAE7C8C-15B4-4C41-9757-90D8761E0928}.Debug|Any CPU.ActiveCfg = Debug|Any CPU
		{3EAE7C8C-15B4-4C41-9757-90D8761E0928}.Debug|Any CPU.Build.0 = Debug|Any CPU
		{3EAE7C8C-15B4-4C41-9757-90D8761E0928}.Release|Any CPU.ActiveCfg = Release|Any CPU
		{3EAE7C8C-15B4-4C41-9757-90D8761E0928}.Release|Any CPU.Build.0 = Release|Any CPU
		{D1E94C82-74E1-4699-97D0-58D5E9078EBF}.Debug|Any CPU.ActiveCfg = Debug|Any CPU
		{D1E94C82-74E1-4699-97D0-58D5E9078EBF}.Debug|Any CPU.Build.0 = Debug|Any CPU
		{D1E94C82-74E1-4699-97D0-58D5E9078EBF}.Release|Any CPU.ActiveCfg = Release|Any CPU
		{D1E94C82-74E1-4699-97D0-58D5E9078EBF}.Release|Any CPU.Build.0 = Release|Any CPU
		{767AA10C-910E-406C-8729-64A82679ABB7}.Debug|Any CPU.ActiveCfg = Debug|Any CPU
		{767AA10C-910E-406C-8729-64A82679ABB7}.Debug|Any CPU.Build.0 = Debug|Any CPU
		{767AA10C-910E-406C-8729-64A82679ABB7}.Release|Any CPU.ActiveCfg = Release|Any CPU
		{767AA10C-910E-406C-8729-64A82679ABB7}.Release|Any CPU.Build.0 = Release|Any CPU
	EndGlobalSection
	GlobalSection(SolutionProperties) = preSolution
		HideSolutionNode = FALSE
	EndGlobalSection
	GlobalSection(ExtensibilityGlobals) = postSolution
		SolutionGuid = {9901CB4D-EC7F-486E-A74D-28A0C7D6FCA7}
	EndGlobalSection
EndGlobal
